{
  "requires": true,
  "lockfileVersion": 1,
  "dependencies": {
    "voxelamming": {
      "version": "0.3.6",
      "resolved": "https://registry.npmjs.org/voxelamming/-/voxelamming-0.3.6.tgz",
      "integrity": "sha512-Oj90WV9DbTJI1mYkhMssHHxo3ZQl+7uBHV+QBHqZO+ZSGBSbR+RoKLZu9rZ4oHiM/g711Cd2KpTsmzV2h0vr8Q==",
      "requires": {
        "ws": "^8.18.0"
      },
      "dependencies": {
        "ws": {
          "version": "8.18.0",
          "resolved": "https://registry.npmjs.org/ws/-/ws-8.18.0.tgz",
          "integrity": "sha512-8VbfWfHLbbwu3+N6OKsOMpBdT4kXPDDB9cJk2bJ6mh9ucxdlnNvH1e+roYkKmN9Nxw2yjz7VzeO9oOz2zJ04Pw=="
        }
      }
    },
    "ws": {
      "version": "8.17.1",
      "resolved": "https://registry.npmjs.org/ws/-/ws-8.17.1.tgz",
      "integrity": "sha512-6XQFvXTkbfUOZOKKILFG1PDK2NDQs4azKQl26T0YS5CxqWLgXajbPZ+h4gZekJyRqFU8pvnbAbbs/3TgRPy+GQ=="
    }
  }
}
